// !$*UTF8*$!
{
	archiveVersion = 1;
	classes = {
	};
	objectVersion = 46;
	objects = {

/* Begin PBXBuildFile section */
		691681D619F1AFC50032EBC8 /* AddHazardViewController.m in Sources */ = {isa = PBXBuildFile; fileRef = 691681D519F1AFC50032EBC8 /* AddHazardViewController.m */; };
		69A5969E19F19A3000B9BAE6 /* HazardsViewController.m in Sources */ = {isa = PBXBuildFile; fileRef = 69A5969D19F19A3000B9BAE6 /* HazardsViewController.m */; };
		69B447B619F811A4002E5C45 /* hazardImageViewBG.png in Resources */ = {isa = PBXBuildFile; fileRef = 69B447B519F811A4002E5C45 /* hazardImageViewBG.png */; };
		69C2E1EE19F1B61A0039B6B6 /* HazardToBeCheckedTableViewCell.m in Sources */ = {isa = PBXBuildFile; fileRef = 69C2E1ED19F1B61A0039B6B6 /* HazardToBeCheckedTableViewCell.m */; };
		69C2E1F119F1B6BD0039B6B6 /* SolutionToBeCheckedTableViewCell.m in Sources */ = {isa = PBXBuildFile; fileRef = 69C2E1F019F1B6BD0039B6B6 /* SolutionToBeCheckedTableViewCell.m */; };
		69DFDE7C19F8381F00EAFD8B /* VECA V Logo Black - 150.png in Resources */ = {isa = PBXBuildFile; fileRef = 69DFDE7B19F8381F00EAFD8B /* VECA V Logo Black - 150.png */; };
		D61AB7CB197ED3F6003AD671 /* logo.png in Resources */ = {isa = PBXBuildFile; fileRef = D61AB7CA197ED3F6003AD671 /* logo.png */; };
		D61AB7CE197ED57C003AD671 /* HomeViewController.m in Sources */ = {isa = PBXBuildFile; fileRef = D61AB7CD197ED57C003AD671 /* HomeViewController.m */; };
		D61AB7DA197ED69F003AD671 /* SignInViewController.m in Sources */ = {isa = PBXBuildFile; fileRef = D61AB7D9197ED69F003AD671 /* SignInViewController.m */; };
		D61AB7DD197ED6D2003AD671 /* AddPersonViewController.m in Sources */ = {isa = PBXBuildFile; fileRef = D61AB7DC197ED6D2003AD671 /* AddPersonViewController.m */; };
		D61AB7E1197ED6F9003AD671 /* MidTaskViewController.m in Sources */ = {isa = PBXBuildFile; fileRef = D61AB7E0197ED6F9003AD671 /* MidTaskViewController.m */; };
		D61AB7E4197ED74A003AD671 /* SignOutViewController.m in Sources */ = {isa = PBXBuildFile; fileRef = D61AB7E3197ED74A003AD671 /* SignOutViewController.m */; };
		D623489919DB5E7B00E61655 /* AddTaskViewController.m in Sources */ = {isa = PBXBuildFile; fileRef = D623489819DB5E7B00E61655 /* AddTaskViewController.m */; };
		D626BAD619DCBA0900209DC5 /* HazardTableViewCell.m in Sources */ = {isa = PBXBuildFile; fileRef = D626BAD519DCBA0900209DC5 /* HazardTableViewCell.m */; };
		D62E7397198F5DCC00DB3441 /* Screen Shot 2014-08-03 at 11.20.02 PM.png in Resources */ = {isa = PBXBuildFile; fileRef = D62E7396198F5DCC00DB3441 /* Screen Shot 2014-08-03 at 11.20.02 PM.png */; };
		D62E739E198F603E00DB3441 /* BG Blur 8.png in Resources */ = {isa = PBXBuildFile; fileRef = D62E739A198F603E00DB3441 /* BG Blur 8.png */; };
		D62E739F198F603E00DB3441 /* BG Blur 5.png in Resources */ = {isa = PBXBuildFile; fileRef = D62E739B198F603E00DB3441 /* BG Blur 5.png */; };
		D62E73A0198F603E00DB3441 /* BG Blur 7.png in Resources */ = {isa = PBXBuildFile; fileRef = D62E739C198F603E00DB3441 /* BG Blur 7.png */; };
		D62E73A1198F603E00DB3441 /* BG Blur 6.png in Resources */ = {isa = PBXBuildFile; fileRef = D62E739D198F603E00DB3441 /* BG Blur 6.png */; };
		D62E73A3198F678100DB3441 /* VECA V Logo.png in Resources */ = {isa = PBXBuildFile; fileRef = D62E73A2198F678100DB3441 /* VECA V Logo.png */; };
		D62E73A5198F698400DB3441 /* VECA V Black.png in Resources */ = {isa = PBXBuildFile; fileRef = D62E73A4198F698400DB3441 /* VECA V Black.png */; };
		D62E73A7198F6A6400DB3441 /* VECA Logo Black.png in Resources */ = {isa = PBXBuildFile; fileRef = D62E73A6198F6A6400DB3441 /* VECA Logo Black.png */; };
		D65B5B3B19D4B8CE00FD9021 /* NSMutableArray+SWUtilityButtons.m in Sources */ = {isa = PBXBuildFile; fileRef = D65B5B3019D4B8CE00FD9021 /* NSMutableArray+SWUtilityButtons.m */; };
		D65B5B3C19D4B8CE00FD9021 /* SWCellScrollView.m in Sources */ = {isa = PBXBuildFile; fileRef = D65B5B3219D4B8CE00FD9021 /* SWCellScrollView.m */; };
		D65B5B3D19D4B8CE00FD9021 /* SWLongPressGestureRecognizer.m in Sources */ = {isa = PBXBuildFile; fileRef = D65B5B3419D4B8CE00FD9021 /* SWLongPressGestureRecognizer.m */; };
		D65B5B3E19D4B8CE00FD9021 /* SWTableViewCell.m in Sources */ = {isa = PBXBuildFile; fileRef = D65B5B3619D4B8CE00FD9021 /* SWTableViewCell.m */; };
		D65B5B3F19D4B8CE00FD9021 /* SWUtilityButtonTapGestureRecognizer.m in Sources */ = {isa = PBXBuildFile; fileRef = D65B5B3819D4B8CE00FD9021 /* SWUtilityButtonTapGestureRecognizer.m */; };
		D65B5B4019D4B8CE00FD9021 /* SWUtilityButtonView.m in Sources */ = {isa = PBXBuildFile; fileRef = D65B5B3A19D4B8CE00FD9021 /* SWUtilityButtonView.m */; };
		D65B5B4319D4BD7E00FD9021 /* JobTableViewCell.m in Sources */ = {isa = PBXBuildFile; fileRef = D65B5B4219D4BD7E00FD9021 /* JobTableViewCell.m */; };
		D689E36619799DED003050F5 /* Foundation.framework in Frameworks */ = {isa = PBXBuildFile; fileRef = D689E36519799DED003050F5 /* Foundation.framework */; };
		D689E36819799DED003050F5 /* CoreGraphics.framework in Frameworks */ = {isa = PBXBuildFile; fileRef = D689E36719799DED003050F5 /* CoreGraphics.framework */; };
		D689E36A19799DED003050F5 /* UIKit.framework in Frameworks */ = {isa = PBXBuildFile; fileRef = D689E36919799DED003050F5 /* UIKit.framework */; };
		D689E37019799DED003050F5 /* InfoPlist.strings in Resources */ = {isa = PBXBuildFile; fileRef = D689E36E19799DED003050F5 /* InfoPlist.strings */; };
		D689E37219799DED003050F5 /* main.m in Sources */ = {isa = PBXBuildFile; fileRef = D689E37119799DED003050F5 /* main.m */; };
		D689E37619799DED003050F5 /* AppDelegate.m in Sources */ = {isa = PBXBuildFile; fileRef = D689E37519799DED003050F5 /* AppDelegate.m */; };
		D689E37919799DED003050F5 /* Main_iPhone.storyboard in Resources */ = {isa = PBXBuildFile; fileRef = D689E37719799DED003050F5 /* Main_iPhone.storyboard */; };
		D689E37F19799DED003050F5 /* JobsViewController.m in Sources */ = {isa = PBXBuildFile; fileRef = D689E37E19799DED003050F5 /* JobsViewController.m */; };
		D689E38119799DED003050F5 /* Images.xcassets in Resources */ = {isa = PBXBuildFile; fileRef = D689E38019799DED003050F5 /* Images.xcassets */; };
		D689E38819799DED003050F5 /* XCTest.framework in Frameworks */ = {isa = PBXBuildFile; fileRef = D689E38719799DED003050F5 /* XCTest.framework */; };
		D689E38919799DED003050F5 /* Foundation.framework in Frameworks */ = {isa = PBXBuildFile; fileRef = D689E36519799DED003050F5 /* Foundation.framework */; };
		D689E38A19799DED003050F5 /* UIKit.framework in Frameworks */ = {isa = PBXBuildFile; fileRef = D689E36919799DED003050F5 /* UIKit.framework */; };
		D689E39219799DED003050F5 /* InfoPlist.strings in Resources */ = {isa = PBXBuildFile; fileRef = D689E39019799DED003050F5 /* InfoPlist.strings */; };
		D689E39419799DED003050F5 /* VECA_ZeroTests.m in Sources */ = {isa = PBXBuildFile; fileRef = D689E39319799DED003050F5 /* VECA_ZeroTests.m */; };
		D6AA5B9019905087007FE5A8 /* iOS Simulator Screen shot Aug 4, 2014, 4.32.17 PM.png in Resources */ = {isa = PBXBuildFile; fileRef = D6AA5B8F19905087007FE5A8 /* iOS Simulator Screen shot Aug 4, 2014, 4.32.17 PM.png */; };
		D6AA5B951992E126007FE5A8 /* Job.plist in Resources */ = {isa = PBXBuildFile; fileRef = D6AA5B941992E126007FE5A8 /* Job.plist */; };
		D6C79A4219DF18E300E04E4A /* PersonCheckOutViewController.m in Sources */ = {isa = PBXBuildFile; fileRef = D6C79A4119DF18E300E04E4A /* PersonCheckOutViewController.m */; };
		D6C79A4619DF253600E04E4A /* SignatureView.m in Sources */ = {isa = PBXBuildFile; fileRef = D6C79A4519DF253600E04E4A /* SignatureView.m */; };
		D6F2D3BF197F1B9F0056FDAA /* AddJobViewController.m in Sources */ = {isa = PBXBuildFile; fileRef = D6F2D3BE197F1B9F0056FDAA /* AddJobViewController.m */; };
		D6F2D3C6197F384D0056FDAA /* ISCoreDataController.m in Sources */ = {isa = PBXBuildFile; fileRef = D6F2D3C5197F384D0056FDAA /* ISCoreDataController.m */; };
		D6F2D3C919805A2E0056FDAA /* Person.m in Sources */ = {isa = PBXBuildFile; fileRef = D6F2D3C819805A2E0056FDAA /* Person.m */; };
		D6F2D3CC19805A440056FDAA /* Job.m in Sources */ = {isa = PBXBuildFile; fileRef = D6F2D3CB19805A440056FDAA /* Job.m */; };
		D6F2D3CF19805A530056FDAA /* Task.m in Sources */ = {isa = PBXBuildFile; fileRef = D6F2D3CE19805A530056FDAA /* Task.m */; };
		D6F2D3D219805A6A0056FDAA /* Hazard.m in Sources */ = {isa = PBXBuildFile; fileRef = D6F2D3D119805A6A0056FDAA /* Hazard.m */; };
		D6F2D3D8198078C50056FDAA /* TaskViewController.m in Sources */ = {isa = PBXBuildFile; fileRef = D6F2D3D7198078C50056FDAA /* TaskViewController.m */; };
		D6F816AD19D9C407004E630B /* PersonTableViewCell.m in Sources */ = {isa = PBXBuildFile; fileRef = D6F816AC19D9C407004E630B /* PersonTableViewCell.m */; };
		D6F816B019DA0BD9004E630B /* DataModel.m in Sources */ = {isa = PBXBuildFile; fileRef = D6F816AF19DA0BD9004E630B /* DataModel.m */; };
/* End PBXBuildFile section */

/* Begin PBXContainerItemProxy section */
		D689E38B19799DED003050F5 /* PBXContainerItemProxy */ = {
			isa = PBXContainerItemProxy;
			containerPortal = D689E35A19799DED003050F5 /* Project object */;
			proxyType = 1;
			remoteGlobalIDString = D689E36119799DED003050F5;
			remoteInfo = "VECA Zero";
		};
/* End PBXContainerItemProxy section */

/* Begin PBXFileReference section */
		691681D419F1AFC50032EBC8 /* AddHazardViewController.h */ = {isa = PBXFileReference; fileEncoding = 4; lastKnownFileType = sourcecode.c.h; path = AddHazardViewController.h; sourceTree = "<group>"; };
		691681D519F1AFC50032EBC8 /* AddHazardViewController.m */ = {isa = PBXFileReference; fileEncoding = 4; lastKnownFileType = sourcecode.c.objc; path = AddHazardViewController.m; sourceTree = "<group>"; };
		69A5969C19F19A3000B9BAE6 /* HazardsViewController.h */ = {isa = PBXFileReference; fileEncoding = 4; lastKnownFileType = sourcecode.c.h; path = HazardsViewController.h; sourceTree = "<group>"; };
		69A5969D19F19A3000B9BAE6 /* HazardsViewController.m */ = {isa = PBXFileReference; fileEncoding = 4; lastKnownFileType = sourcecode.c.objc; path = HazardsViewController.m; sourceTree = "<group>"; };
		69B447B519F811A4002E5C45 /* hazardImageViewBG.png */ = {isa = PBXFileReference; lastKnownFileType = image.png; path = hazardImageViewBG.png; sourceTree = "<group>"; };
		69C2E1EC19F1B61A0039B6B6 /* HazardToBeCheckedTableViewCell.h */ = {isa = PBXFileReference; fileEncoding = 4; lastKnownFileType = sourcecode.c.h; path = HazardToBeCheckedTableViewCell.h; sourceTree = "<group>"; };
		69C2E1ED19F1B61A0039B6B6 /* HazardToBeCheckedTableViewCell.m */ = {isa = PBXFileReference; fileEncoding = 4; lastKnownFileType = sourcecode.c.objc; path = HazardToBeCheckedTableViewCell.m; sourceTree = "<group>"; };
		69C2E1EF19F1B6BD0039B6B6 /* SolutionToBeCheckedTableViewCell.h */ = {isa = PBXFileReference; fileEncoding = 4; lastKnownFileType = sourcecode.c.h; path = SolutionToBeCheckedTableViewCell.h; sourceTree = "<group>"; };
		69C2E1F019F1B6BD0039B6B6 /* SolutionToBeCheckedTableViewCell.m */ = {isa = PBXFileReference; fileEncoding = 4; lastKnownFileType = sourcecode.c.objc; path = SolutionToBeCheckedTableViewCell.m; sourceTree = "<group>"; };
		69DFDE7B19F8381F00EAFD8B /* VECA V Logo Black - 150.png */ = {isa = PBXFileReference; lastKnownFileType = image.png; path = "VECA V Logo Black - 150.png"; sourceTree = "<group>"; };
		D61AB7CA197ED3F6003AD671 /* logo.png */ = {isa = PBXFileReference; lastKnownFileType = image.png; path = logo.png; sourceTree = "<group>"; };
		D61AB7CC197ED57C003AD671 /* HomeViewController.h */ = {isa = PBXFileReference; fileEncoding = 4; lastKnownFileType = sourcecode.c.h; path = HomeViewController.h; sourceTree = "<group>"; };
		D61AB7CD197ED57C003AD671 /* HomeViewController.m */ = {isa = PBXFileReference; fileEncoding = 4; lastKnownFileType = sourcecode.c.objc; path = HomeViewController.m; sourceTree = "<group>"; };
		D61AB7D8197ED69F003AD671 /* SignInViewController.h */ = {isa = PBXFileReference; fileEncoding = 4; lastKnownFileType = sourcecode.c.h; path = SignInViewController.h; sourceTree = "<group>"; };
		D61AB7D9197ED69F003AD671 /* SignInViewController.m */ = {isa = PBXFileReference; fileEncoding = 4; lastKnownFileType = sourcecode.c.objc; path = SignInViewController.m; sourceTree = "<group>"; };
		D61AB7DB197ED6D2003AD671 /* AddPersonViewController.h */ = {isa = PBXFileReference; fileEncoding = 4; lastKnownFileType = sourcecode.c.h; path = AddPersonViewController.h; sourceTree = "<group>"; };
		D61AB7DC197ED6D2003AD671 /* AddPersonViewController.m */ = {isa = PBXFileReference; fileEncoding = 4; lastKnownFileType = sourcecode.c.objc; path = AddPersonViewController.m; sourceTree = "<group>"; };
		D61AB7DF197ED6F9003AD671 /* MidTaskViewController.h */ = {isa = PBXFileReference; fileEncoding = 4; lastKnownFileType = sourcecode.c.h; path = MidTaskViewController.h; sourceTree = "<group>"; };
		D61AB7E0197ED6F9003AD671 /* MidTaskViewController.m */ = {isa = PBXFileReference; fileEncoding = 4; lastKnownFileType = sourcecode.c.objc; path = MidTaskViewController.m; sourceTree = "<group>"; };
		D61AB7E2197ED74A003AD671 /* SignOutViewController.h */ = {isa = PBXFileReference; fileEncoding = 4; lastKnownFileType = sourcecode.c.h; path = SignOutViewController.h; sourceTree = "<group>"; };
		D61AB7E3197ED74A003AD671 /* SignOutViewController.m */ = {isa = PBXFileReference; fileEncoding = 4; lastKnownFileType = sourcecode.c.objc; path = SignOutViewController.m; sourceTree = "<group>"; };
		D623489719DB5E7B00E61655 /* AddTaskViewController.h */ = {isa = PBXFileReference; fileEncoding = 4; lastKnownFileType = sourcecode.c.h; path = AddTaskViewController.h; sourceTree = "<group>"; };
		D623489819DB5E7B00E61655 /* AddTaskViewController.m */ = {isa = PBXFileReference; fileEncoding = 4; lastKnownFileType = sourcecode.c.objc; path = AddTaskViewController.m; sourceTree = "<group>"; };
		D626BAD419DCBA0900209DC5 /* HazardTableViewCell.h */ = {isa = PBXFileReference; fileEncoding = 4; lastKnownFileType = sourcecode.c.h; path = HazardTableViewCell.h; sourceTree = "<group>"; };
		D626BAD519DCBA0900209DC5 /* HazardTableViewCell.m */ = {isa = PBXFileReference; fileEncoding = 4; lastKnownFileType = sourcecode.c.objc; path = HazardTableViewCell.m; sourceTree = "<group>"; };
		D62E7396198F5DCC00DB3441 /* Screen Shot 2014-08-03 at 11.20.02 PM.png */ = {isa = PBXFileReference; lastKnownFileType = image.png; path = "Screen Shot 2014-08-03 at 11.20.02 PM.png"; sourceTree = "<group>"; };
		D62E739A198F603E00DB3441 /* BG Blur 8.png */ = {isa = PBXFileReference; lastKnownFileType = image.png; path = "BG Blur 8.png"; sourceTree = "<group>"; };
		D62E739B198F603E00DB3441 /* BG Blur 5.png */ = {isa = PBXFileReference; lastKnownFileType = image.png; path = "BG Blur 5.png"; sourceTree = "<group>"; };
		D62E739C198F603E00DB3441 /* BG Blur 7.png */ = {isa = PBXFileReference; lastKnownFileType = image.png; path = "BG Blur 7.png"; sourceTree = "<group>"; };
		D62E739D198F603E00DB3441 /* BG Blur 6.png */ = {isa = PBXFileReference; lastKnownFileType = image.png; path = "BG Blur 6.png"; sourceTree = "<group>"; };
		D62E73A2198F678100DB3441 /* VECA V Logo.png */ = {isa = PBXFileReference; lastKnownFileType = image.png; path = "VECA V Logo.png"; sourceTree = "<group>"; };
		D62E73A4198F698400DB3441 /* VECA V Black.png */ = {isa = PBXFileReference; lastKnownFileType = image.png; path = "VECA V Black.png"; sourceTree = "<group>"; };
		D62E73A6198F6A6400DB3441 /* VECA Logo Black.png */ = {isa = PBXFileReference; lastKnownFileType = image.png; path = "VECA Logo Black.png"; sourceTree = "<group>"; };
		D65B5B2619D3062E00FD9021 /* VECA Zero-Bridging-Header.h */ = {isa = PBXFileReference; lastKnownFileType = sourcecode.c.h; path = "VECA Zero-Bridging-Header.h"; sourceTree = "<group>"; };
		D65B5B2F19D4B8CE00FD9021 /* NSMutableArray+SWUtilityButtons.h */ = {isa = PBXFileReference; fileEncoding = 4; lastKnownFileType = sourcecode.c.h; path = "NSMutableArray+SWUtilityButtons.h"; sourceTree = "<group>"; };
		D65B5B3019D4B8CE00FD9021 /* NSMutableArray+SWUtilityButtons.m */ = {isa = PBXFileReference; fileEncoding = 4; lastKnownFileType = sourcecode.c.objc; path = "NSMutableArray+SWUtilityButtons.m"; sourceTree = "<group>"; };
		D65B5B3119D4B8CE00FD9021 /* SWCellScrollView.h */ = {isa = PBXFileReference; fileEncoding = 4; lastKnownFileType = sourcecode.c.h; path = SWCellScrollView.h; sourceTree = "<group>"; };
		D65B5B3219D4B8CE00FD9021 /* SWCellScrollView.m */ = {isa = PBXFileReference; fileEncoding = 4; lastKnownFileType = sourcecode.c.objc; path = SWCellScrollView.m; sourceTree = "<group>"; };
		D65B5B3319D4B8CE00FD9021 /* SWLongPressGestureRecognizer.h */ = {isa = PBXFileReference; fileEncoding = 4; lastKnownFileType = sourcecode.c.h; path = SWLongPressGestureRecognizer.h; sourceTree = "<group>"; };
		D65B5B3419D4B8CE00FD9021 /* SWLongPressGestureRecognizer.m */ = {isa = PBXFileReference; fileEncoding = 4; lastKnownFileType = sourcecode.c.objc; path = SWLongPressGestureRecognizer.m; sourceTree = "<group>"; };
		D65B5B3519D4B8CE00FD9021 /* SWTableViewCell.h */ = {isa = PBXFileReference; fileEncoding = 4; lastKnownFileType = sourcecode.c.h; path = SWTableViewCell.h; sourceTree = "<group>"; };
		D65B5B3619D4B8CE00FD9021 /* SWTableViewCell.m */ = {isa = PBXFileReference; fileEncoding = 4; lastKnownFileType = sourcecode.c.objc; path = SWTableViewCell.m; sourceTree = "<group>"; };
		D65B5B3719D4B8CE00FD9021 /* SWUtilityButtonTapGestureRecognizer.h */ = {isa = PBXFileReference; fileEncoding = 4; lastKnownFileType = sourcecode.c.h; path = SWUtilityButtonTapGestureRecognizer.h; sourceTree = "<group>"; };
		D65B5B3819D4B8CE00FD9021 /* SWUtilityButtonTapGestureRecognizer.m */ = {isa = PBXFileReference; fileEncoding = 4; lastKnownFileType = sourcecode.c.objc; path = SWUtilityButtonTapGestureRecognizer.m; sourceTree = "<group>"; };
		D65B5B3919D4B8CE00FD9021 /* SWUtilityButtonView.h */ = {isa = PBXFileReference; fileEncoding = 4; lastKnownFileType = sourcecode.c.h; path = SWUtilityButtonView.h; sourceTree = "<group>"; };
		D65B5B3A19D4B8CE00FD9021 /* SWUtilityButtonView.m */ = {isa = PBXFileReference; fileEncoding = 4; lastKnownFileType = sourcecode.c.objc; path = SWUtilityButtonView.m; sourceTree = "<group>"; };
		D65B5B4119D4BD7E00FD9021 /* JobTableViewCell.h */ = {isa = PBXFileReference; fileEncoding = 4; lastKnownFileType = sourcecode.c.h; path = JobTableViewCell.h; sourceTree = "<group>"; };
		D65B5B4219D4BD7E00FD9021 /* JobTableViewCell.m */ = {isa = PBXFileReference; fileEncoding = 4; lastKnownFileType = sourcecode.c.objc; path = JobTableViewCell.m; sourceTree = "<group>"; };
		D689E36219799DED003050F5 /* VECA Zero.app */ = {isa = PBXFileReference; explicitFileType = wrapper.application; includeInIndex = 0; path = "VECA Zero.app"; sourceTree = BUILT_PRODUCTS_DIR; };
		D689E36519799DED003050F5 /* Foundation.framework */ = {isa = PBXFileReference; lastKnownFileType = wrapper.framework; name = Foundation.framework; path = System/Library/Frameworks/Foundation.framework; sourceTree = SDKROOT; };
		D689E36719799DED003050F5 /* CoreGraphics.framework */ = {isa = PBXFileReference; lastKnownFileType = wrapper.framework; name = CoreGraphics.framework; path = System/Library/Frameworks/CoreGraphics.framework; sourceTree = SDKROOT; };
		D689E36919799DED003050F5 /* UIKit.framework */ = {isa = PBXFileReference; lastKnownFileType = wrapper.framework; name = UIKit.framework; path = System/Library/Frameworks/UIKit.framework; sourceTree = SDKROOT; };
		D689E36D19799DED003050F5 /* VECA Zero-Info.plist */ = {isa = PBXFileReference; lastKnownFileType = text.plist.xml; path = "VECA Zero-Info.plist"; sourceTree = "<group>"; };
		D689E36F19799DED003050F5 /* en */ = {isa = PBXFileReference; lastKnownFileType = text.plist.strings; name = en; path = en.lproj/InfoPlist.strings; sourceTree = "<group>"; };
		D689E37119799DED003050F5 /* main.m */ = {isa = PBXFileReference; lastKnownFileType = sourcecode.c.objc; path = main.m; sourceTree = "<group>"; };
		D689E37319799DED003050F5 /* VECA Zero-Prefix.pch */ = {isa = PBXFileReference; lastKnownFileType = sourcecode.c.h; path = "VECA Zero-Prefix.pch"; sourceTree = "<group>"; };
		D689E37419799DED003050F5 /* AppDelegate.h */ = {isa = PBXFileReference; lastKnownFileType = sourcecode.c.h; path = AppDelegate.h; sourceTree = "<group>"; };
		D689E37519799DED003050F5 /* AppDelegate.m */ = {isa = PBXFileReference; lastKnownFileType = sourcecode.c.objc; path = AppDelegate.m; sourceTree = "<group>"; };
		D689E37819799DED003050F5 /* Base */ = {isa = PBXFileReference; lastKnownFileType = file.storyboard; name = Base; path = Base.lproj/Main_iPhone.storyboard; sourceTree = "<group>"; };
		D689E37D19799DED003050F5 /* JobsViewController.h */ = {isa = PBXFileReference; lastKnownFileType = sourcecode.c.h; path = JobsViewController.h; sourceTree = "<group>"; };
		D689E37E19799DED003050F5 /* JobsViewController.m */ = {isa = PBXFileReference; lastKnownFileType = sourcecode.c.objc; path = JobsViewController.m; sourceTree = "<group>"; };
		D689E38019799DED003050F5 /* Images.xcassets */ = {isa = PBXFileReference; lastKnownFileType = folder.assetcatalog; path = Images.xcassets; sourceTree = "<group>"; };
		D689E38619799DED003050F5 /* VECA ZeroTests.xctest */ = {isa = PBXFileReference; explicitFileType = wrapper.cfbundle; includeInIndex = 0; path = "VECA ZeroTests.xctest"; sourceTree = BUILT_PRODUCTS_DIR; };
		D689E38719799DED003050F5 /* XCTest.framework */ = {isa = PBXFileReference; lastKnownFileType = wrapper.framework; name = XCTest.framework; path = Library/Frameworks/XCTest.framework; sourceTree = DEVELOPER_DIR; };
		D689E38F19799DED003050F5 /* VECA ZeroTests-Info.plist */ = {isa = PBXFileReference; lastKnownFileType = text.plist.xml; path = "VECA ZeroTests-Info.plist"; sourceTree = "<group>"; };
		D689E39119799DED003050F5 /* en */ = {isa = PBXFileReference; lastKnownFileType = text.plist.strings; name = en; path = en.lproj/InfoPlist.strings; sourceTree = "<group>"; };
		D689E39319799DED003050F5 /* VECA_ZeroTests.m */ = {isa = PBXFileReference; lastKnownFileType = sourcecode.c.objc; path = VECA_ZeroTests.m; sourceTree = "<group>"; };
		D6AA5B8F19905087007FE5A8 /* iOS Simulator Screen shot Aug 4, 2014, 4.32.17 PM.png */ = {isa = PBXFileReference; lastKnownFileType = image.png; path = "iOS Simulator Screen shot Aug 4, 2014, 4.32.17 PM.png"; sourceTree = "<group>"; };
		D6AA5B941992E126007FE5A8 /* Job.plist */ = {isa = PBXFileReference; fileEncoding = 4; lastKnownFileType = text.plist.xml; path = Job.plist; sourceTree = "<group>"; };
		D6C79A4019DF18E300E04E4A /* PersonCheckOutViewController.h */ = {isa = PBXFileReference; fileEncoding = 4; lastKnownFileType = sourcecode.c.h; path = PersonCheckOutViewController.h; sourceTree = "<group>"; };
		D6C79A4119DF18E300E04E4A /* PersonCheckOutViewController.m */ = {isa = PBXFileReference; fileEncoding = 4; lastKnownFileType = sourcecode.c.objc; path = PersonCheckOutViewController.m; sourceTree = "<group>"; };
		D6C79A4419DF253600E04E4A /* SignatureView.h */ = {isa = PBXFileReference; fileEncoding = 4; lastKnownFileType = sourcecode.c.h; path = SignatureView.h; sourceTree = "<group>"; };
		D6C79A4519DF253600E04E4A /* SignatureView.m */ = {isa = PBXFileReference; fileEncoding = 4; lastKnownFileType = sourcecode.c.objc; path = SignatureView.m; sourceTree = "<group>"; };
		D6F2D3BD197F1B9F0056FDAA /* AddJobViewController.h */ = {isa = PBXFileReference; fileEncoding = 4; lastKnownFileType = sourcecode.c.h; path = AddJobViewController.h; sourceTree = "<group>"; };
		D6F2D3BE197F1B9F0056FDAA /* AddJobViewController.m */ = {isa = PBXFileReference; fileEncoding = 4; lastKnownFileType = sourcecode.c.objc; path = AddJobViewController.m; sourceTree = "<group>"; };
		D6F2D3C4197F384D0056FDAA /* ISCoreDataController.h */ = {isa = PBXFileReference; fileEncoding = 4; lastKnownFileType = sourcecode.c.h; path = ISCoreDataController.h; sourceTree = "<group>"; };
		D6F2D3C5197F384D0056FDAA /* ISCoreDataController.m */ = {isa = PBXFileReference; fileEncoding = 4; lastKnownFileType = sourcecode.c.objc; path = ISCoreDataController.m; sourceTree = "<group>"; };
		D6F2D3C719805A2E0056FDAA /* Person.h */ = {isa = PBXFileReference; fileEncoding = 4; lastKnownFileType = sourcecode.c.h; path = Person.h; sourceTree = "<group>"; };
		D6F2D3C819805A2E0056FDAA /* Person.m */ = {isa = PBXFileReference; fileEncoding = 4; lastKnownFileType = sourcecode.c.objc; path = Person.m; sourceTree = "<group>"; };
		D6F2D3CA19805A440056FDAA /* Job.h */ = {isa = PBXFileReference; fileEncoding = 4; lastKnownFileType = sourcecode.c.h; path = Job.h; sourceTree = "<group>"; };
		D6F2D3CB19805A440056FDAA /* Job.m */ = {isa = PBXFileReference; fileEncoding = 4; lastKnownFileType = sourcecode.c.objc; path = Job.m; sourceTree = "<group>"; };
		D6F2D3CD19805A530056FDAA /* Task.h */ = {isa = PBXFileReference; fileEncoding = 4; lastKnownFileType = sourcecode.c.h; path = Task.h; sourceTree = "<group>"; };
		D6F2D3CE19805A530056FDAA /* Task.m */ = {isa = PBXFileReference; fileEncoding = 4; lastKnownFileType = sourcecode.c.objc; path = Task.m; sourceTree = "<group>"; };
		D6F2D3D019805A6A0056FDAA /* Hazard.h */ = {isa = PBXFileReference; fileEncoding = 4; lastKnownFileType = sourcecode.c.h; path = Hazard.h; sourceTree = "<group>"; };
		D6F2D3D119805A6A0056FDAA /* Hazard.m */ = {isa = PBXFileReference; fileEncoding = 4; lastKnownFileType = sourcecode.c.objc; path = Hazard.m; sourceTree = "<group>"; };
		D6F2D3D6198078C50056FDAA /* TaskViewController.h */ = {isa = PBXFileReference; fileEncoding = 4; lastKnownFileType = sourcecode.c.h; path = TaskViewController.h; sourceTree = "<group>"; };
		D6F2D3D7198078C50056FDAA /* TaskViewController.m */ = {isa = PBXFileReference; fileEncoding = 4; lastKnownFileType = sourcecode.c.objc; path = TaskViewController.m; sourceTree = "<group>"; };
		D6F816AB19D9C407004E630B /* PersonTableViewCell.h */ = {isa = PBXFileReference; fileEncoding = 4; lastKnownFileType = sourcecode.c.h; path = PersonTableViewCell.h; sourceTree = "<group>"; };
		D6F816AC19D9C407004E630B /* PersonTableViewCell.m */ = {isa = PBXFileReference; fileEncoding = 4; lastKnownFileType = sourcecode.c.objc; path = PersonTableViewCell.m; sourceTree = "<group>"; };
		D6F816AE19DA0BD9004E630B /* DataModel.h */ = {isa = PBXFileReference; fileEncoding = 4; lastKnownFileType = sourcecode.c.h; path = DataModel.h; sourceTree = "<group>"; };
		D6F816AF19DA0BD9004E630B /* DataModel.m */ = {isa = PBXFileReference; fileEncoding = 4; lastKnownFileType = sourcecode.c.objc; path = DataModel.m; sourceTree = "<group>"; };
/* End PBXFileReference section */

/* Begin PBXFrameworksBuildPhase section */
		D689E35F19799DED003050F5 /* Frameworks */ = {
			isa = PBXFrameworksBuildPhase;
			buildActionMask = 2147483647;
			files = (
				D689E36819799DED003050F5 /* CoreGraphics.framework in Frameworks */,
				D689E36A19799DED003050F5 /* UIKit.framework in Frameworks */,
				D689E36619799DED003050F5 /* Foundation.framework in Frameworks */,
			);
			runOnlyForDeploymentPostprocessing = 0;
		};
		D689E38319799DED003050F5 /* Frameworks */ = {
			isa = PBXFrameworksBuildPhase;
			buildActionMask = 2147483647;
			files = (
				D689E38819799DED003050F5 /* XCTest.framework in Frameworks */,
				D689E38A19799DED003050F5 /* UIKit.framework in Frameworks */,
				D689E38919799DED003050F5 /* Foundation.framework in Frameworks */,
			);
			runOnlyForDeploymentPostprocessing = 0;
		};
/* End PBXFrameworksBuildPhase section */

/* Begin PBXGroup section */
		D61AB7CF197ED585003AD671 /* Controllers */ = {
			isa = PBXGroup;
			children = (
				D61AB7CC197ED57C003AD671 /* HomeViewController.h */,
				D61AB7CD197ED57C003AD671 /* HomeViewController.m */,
				D65B5B4D19D6127E00FD9021 /* Job View Controllers */,
				D65B5B4E19D6129700FD9021 /* Task View Controllers */,
				D65B5B4F19D612AB00FD9021 /* Hazard View Controllers */,
				D65B5B5019D612C000FD9021 /* Check In View Controllers */,
				D65B5B5119D6130C00FD9021 /* Check Out View Controllers */,
			);
			name = Controllers;
			sourceTree = "<group>";
		};
		D61AB7D0197ED5AE003AD671 /* Views */ = {
			isa = PBXGroup;
			children = (
				D689E37719799DED003050F5 /* Main_iPhone.storyboard */,
			);
			name = Views;
			sourceTree = "<group>";
		};
		D61AB7D1197ED5BF003AD671 /* Models */ = {
			isa = PBXGroup;
			children = (
				D6F816AE19DA0BD9004E630B /* DataModel.h */,
				D6F816AF19DA0BD9004E630B /* DataModel.m */,
				D6F2D3CA19805A440056FDAA /* Job.h */,
				D6F2D3CB19805A440056FDAA /* Job.m */,
				D6F2D3CD19805A530056FDAA /* Task.h */,
				D6F2D3CE19805A530056FDAA /* Task.m */,
				D6F2D3D019805A6A0056FDAA /* Hazard.h */,
				D6F2D3D119805A6A0056FDAA /* Hazard.m */,
				D6F2D3C719805A2E0056FDAA /* Person.h */,
				D6F2D3C819805A2E0056FDAA /* Person.m */,
				D65B5B2619D3062E00FD9021 /* VECA Zero-Bridging-Header.h */,
			);
			name = Models;
			sourceTree = "<group>";
		};
		D65B5B2E19D4B8B100FD9021 /* PodFiles */ = {
			isa = PBXGroup;
			children = (
				D65B5B2F19D4B8CE00FD9021 /* NSMutableArray+SWUtilityButtons.h */,
				D65B5B3019D4B8CE00FD9021 /* NSMutableArray+SWUtilityButtons.m */,
				D65B5B3119D4B8CE00FD9021 /* SWCellScrollView.h */,
				D65B5B3219D4B8CE00FD9021 /* SWCellScrollView.m */,
				D65B5B3319D4B8CE00FD9021 /* SWLongPressGestureRecognizer.h */,
				D65B5B3419D4B8CE00FD9021 /* SWLongPressGestureRecognizer.m */,
				D65B5B3519D4B8CE00FD9021 /* SWTableViewCell.h */,
				D65B5B3619D4B8CE00FD9021 /* SWTableViewCell.m */,
				D65B5B3719D4B8CE00FD9021 /* SWUtilityButtonTapGestureRecognizer.h */,
				D65B5B3819D4B8CE00FD9021 /* SWUtilityButtonTapGestureRecognizer.m */,
				D65B5B3919D4B8CE00FD9021 /* SWUtilityButtonView.h */,
				D65B5B3A19D4B8CE00FD9021 /* SWUtilityButtonView.m */,
			);
			name = PodFiles;
			sourceTree = "<group>";
		};
		D65B5B4D19D6127E00FD9021 /* Job View Controllers */ = {
			isa = PBXGroup;
			children = (
				D689E37D19799DED003050F5 /* JobsViewController.h */,
				D689E37E19799DED003050F5 /* JobsViewController.m */,
				D6F2D3BD197F1B9F0056FDAA /* AddJobViewController.h */,
				D6F2D3BE197F1B9F0056FDAA /* AddJobViewController.m */,
				D65B5B4119D4BD7E00FD9021 /* JobTableViewCell.h */,
				D65B5B4219D4BD7E00FD9021 /* JobTableViewCell.m */,
			);
			name = "Job View Controllers";
			sourceTree = "<group>";
		};
		D65B5B4E19D6129700FD9021 /* Task View Controllers */ = {
			isa = PBXGroup;
			children = (
				D6F2D3D6198078C50056FDAA /* TaskViewController.h */,
				D6F2D3D7198078C50056FDAA /* TaskViewController.m */,
				D623489719DB5E7B00E61655 /* AddTaskViewController.h */,
				D623489819DB5E7B00E61655 /* AddTaskViewController.m */,
			);
			name = "Task View Controllers";
			sourceTree = "<group>";
		};
		D65B5B4F19D612AB00FD9021 /* Hazard View Controllers */ = {
			isa = PBXGroup;
			children = (
				69A5969C19F19A3000B9BAE6 /* HazardsViewController.h */,
				69A5969D19F19A3000B9BAE6 /* HazardsViewController.m */,
				691681D419F1AFC50032EBC8 /* AddHazardViewController.h */,
				691681D519F1AFC50032EBC8 /* AddHazardViewController.m */,
				D626BAD419DCBA0900209DC5 /* HazardTableViewCell.h */,
				D626BAD519DCBA0900209DC5 /* HazardTableViewCell.m */,
			);
			name = "Hazard View Controllers";
			sourceTree = "<group>";
		};
		D65B5B5019D612C000FD9021 /* Check In View Controllers */ = {
			isa = PBXGroup;
			children = (
				D61AB7D8197ED69F003AD671 /* SignInViewController.h */,
				D61AB7D9197ED69F003AD671 /* SignInViewController.m */,
				D61AB7DB197ED6D2003AD671 /* AddPersonViewController.h */,
				D61AB7DC197ED6D2003AD671 /* AddPersonViewController.m */,
				D6F816AB19D9C407004E630B /* PersonTableViewCell.h */,
				D6F816AC19D9C407004E630B /* PersonTableViewCell.m */,
				69C2E1EC19F1B61A0039B6B6 /* HazardToBeCheckedTableViewCell.h */,
				69C2E1ED19F1B61A0039B6B6 /* HazardToBeCheckedTableViewCell.m */,
				69C2E1EF19F1B6BD0039B6B6 /* SolutionToBeCheckedTableViewCell.h */,
				69C2E1F019F1B6BD0039B6B6 /* SolutionToBeCheckedTableViewCell.m */,
			);
			name = "Check In View Controllers";
			sourceTree = "<group>";
		};
		D65B5B5119D6130C00FD9021 /* Check Out View Controllers */ = {
			isa = PBXGroup;
			children = (
				D61AB7DF197ED6F9003AD671 /* MidTaskViewController.h */,
				D61AB7E0197ED6F9003AD671 /* MidTaskViewController.m */,
				D61AB7E2197ED74A003AD671 /* SignOutViewController.h */,
				D61AB7E3197ED74A003AD671 /* SignOutViewController.m */,
				D6C79A4019DF18E300E04E4A /* PersonCheckOutViewController.h */,
				D6C79A4119DF18E300E04E4A /* PersonCheckOutViewController.m */,
			);
			name = "Check Out View Controllers";
			sourceTree = "<group>";
		};
		D689E35919799DED003050F5 = {
			isa = PBXGroup;
			children = (
				D689E36B19799DED003050F5 /* VECA Zero */,
				D689E38D19799DED003050F5 /* VECA ZeroTests */,
				D689E36419799DED003050F5 /* Frameworks */,
				D689E36319799DED003050F5 /* Products */,
				D6F2D3C3197F384D0056FDAA /* Core Data Stack */,
			);
			sourceTree = "<group>";
		};
		D689E36319799DED003050F5 /* Products */ = {
			isa = PBXGroup;
			children = (
				D689E36219799DED003050F5 /* VECA Zero.app */,
				D689E38619799DED003050F5 /* VECA ZeroTests.xctest */,
			);
			name = Products;
			sourceTree = "<group>";
		};
		D689E36419799DED003050F5 /* Frameworks */ = {
			isa = PBXGroup;
			children = (
				D689E36519799DED003050F5 /* Foundation.framework */,
				D689E36719799DED003050F5 /* CoreGraphics.framework */,
				D689E36919799DED003050F5 /* UIKit.framework */,
				D689E38719799DED003050F5 /* XCTest.framework */,
			);
			name = Frameworks;
			sourceTree = "<group>";
		};
		D689E36B19799DED003050F5 /* VECA Zero */ = {
			isa = PBXGroup;
			children = (
				D689E37419799DED003050F5 /* AppDelegate.h */,
				D689E37519799DED003050F5 /* AppDelegate.m */,
				D6C79A4319DF253600E04E4A /* Source */,
				D65B5B2E19D4B8B100FD9021 /* PodFiles */,
				D61AB7D1197ED5BF003AD671 /* Models */,
				D61AB7D0197ED5AE003AD671 /* Views */,
				D61AB7CF197ED585003AD671 /* Controllers */,
				D689E36C19799DED003050F5 /* Supporting Files */,
			);
			path = "VECA Zero";
			sourceTree = "<group>";
		};
		D689E36C19799DED003050F5 /* Supporting Files */ = {
			isa = PBXGroup;
			children = (
				D689E38019799DED003050F5 /* Images.xcassets */,
				D6AA5B8F19905087007FE5A8 /* iOS Simulator Screen shot Aug 4, 2014, 4.32.17 PM.png */,
				69B447B519F811A4002E5C45 /* hazardImageViewBG.png */,
				69DFDE7B19F8381F00EAFD8B /* VECA V Logo Black - 150.png */,
				D62E73A6198F6A6400DB3441 /* VECA Logo Black.png */,
				D62E73A4198F698400DB3441 /* VECA V Black.png */,
				D62E73A2198F678100DB3441 /* VECA V Logo.png */,
				D62E739A198F603E00DB3441 /* BG Blur 8.png */,
				D62E739B198F603E00DB3441 /* BG Blur 5.png */,
				D62E739C198F603E00DB3441 /* BG Blur 7.png */,
				D62E739D198F603E00DB3441 /* BG Blur 6.png */,
				D62E7396198F5DCC00DB3441 /* Screen Shot 2014-08-03 at 11.20.02 PM.png */,
				D61AB7CA197ED3F6003AD671 /* logo.png */,
				D689E36D19799DED003050F5 /* VECA Zero-Info.plist */,
				D6AA5B941992E126007FE5A8 /* Job.plist */,
				D689E36E19799DED003050F5 /* InfoPlist.strings */,
				D689E37119799DED003050F5 /* main.m */,
				D689E37319799DED003050F5 /* VECA Zero-Prefix.pch */,
			);
			name = "Supporting Files";
			sourceTree = "<group>";
		};
		D689E38D19799DED003050F5 /* VECA ZeroTests */ = {
			isa = PBXGroup;
			children = (
				D689E39319799DED003050F5 /* VECA_ZeroTests.m */,
				D689E38E19799DED003050F5 /* Supporting Files */,
			);
			path = "VECA ZeroTests";
			sourceTree = "<group>";
		};
		D689E38E19799DED003050F5 /* Supporting Files */ = {
			isa = PBXGroup;
			children = (
				D689E38F19799DED003050F5 /* VECA ZeroTests-Info.plist */,
				D689E39019799DED003050F5 /* InfoPlist.strings */,
			);
			name = "Supporting Files";
			sourceTree = "<group>";
		};
		D6C79A4319DF253600E04E4A /* Source */ = {
			isa = PBXGroup;
			children = (
				D6C79A4419DF253600E04E4A /* SignatureView.h */,
				D6C79A4519DF253600E04E4A /* SignatureView.m */,
			);
			path = Source;
			sourceTree = "<group>";
		};
		D6F2D3C3197F384D0056FDAA /* Core Data Stack */ = {
			isa = PBXGroup;
			children = (
				D6F2D3C4197F384D0056FDAA /* ISCoreDataController.h */,
				D6F2D3C5197F384D0056FDAA /* ISCoreDataController.m */,
			);
			path = "Core Data Stack";
			sourceTree = "<group>";
		};
/* End PBXGroup section */

/* Begin PBXNativeTarget section */
		D689E36119799DED003050F5 /* VECA Zero */ = {
			isa = PBXNativeTarget;
			buildConfigurationList = D689E39719799DED003050F5 /* Build configuration list for PBXNativeTarget "VECA Zero" */;
			buildPhases = (
				D689E35E19799DED003050F5 /* Sources */,
				D689E35F19799DED003050F5 /* Frameworks */,
				D689E36019799DED003050F5 /* Resources */,
			);
			buildRules = (
			);
			dependencies = (
			);
			name = "VECA Zero";
			productName = "VECA Zero";
			productReference = D689E36219799DED003050F5 /* VECA Zero.app */;
			productType = "com.apple.product-type.application";
		};
		D689E38519799DED003050F5 /* VECA ZeroTests */ = {
			isa = PBXNativeTarget;
			buildConfigurationList = D689E39A19799DED003050F5 /* Build configuration list for PBXNativeTarget "VECA ZeroTests" */;
			buildPhases = (
				D689E38219799DED003050F5 /* Sources */,
				D689E38319799DED003050F5 /* Frameworks */,
				D689E38419799DED003050F5 /* Resources */,
			);
			buildRules = (
			);
			dependencies = (
				D689E38C19799DED003050F5 /* PBXTargetDependency */,
			);
			name = "VECA ZeroTests";
			productName = "VECA ZeroTests";
			productReference = D689E38619799DED003050F5 /* VECA ZeroTests.xctest */;
			productType = "com.apple.product-type.bundle.unit-test";
		};
/* End PBXNativeTarget section */

/* Begin PBXProject section */
		D689E35A19799DED003050F5 /* Project object */ = {
			isa = PBXProject;
			attributes = {
				LastUpgradeCheck = 0510;
				ORGANIZATIONNAME = Fairbanksdan;
				TargetAttributes = {
					D689E36119799DED003050F5 = {
						DevelopmentTeam = NZE8FE4Y4H;
					};
					D689E38519799DED003050F5 = {
						TestTargetID = D689E36119799DED003050F5;
					};
				};
			};
			buildConfigurationList = D689E35D19799DED003050F5 /* Build configuration list for PBXProject "VECA Zero" */;
			compatibilityVersion = "Xcode 3.2";
			developmentRegion = English;
			hasScannedForEncodings = 0;
			knownRegions = (
				en,
				Base,
			);
			mainGroup = D689E35919799DED003050F5;
			productRefGroup = D689E36319799DED003050F5 /* Products */;
			projectDirPath = "";
			projectRoot = "";
			targets = (
				D689E36119799DED003050F5 /* VECA Zero */,
				D689E38519799DED003050F5 /* VECA ZeroTests */,
			);
		};
/* End PBXProject section */

/* Begin PBXResourcesBuildPhase section */
		D689E36019799DED003050F5 /* Resources */ = {
			isa = PBXResourcesBuildPhase;
			buildActionMask = 2147483647;
			files = (
				D62E7397198F5DCC00DB3441 /* Screen Shot 2014-08-03 at 11.20.02 PM.png in Resources */,
				D62E73A3198F678100DB3441 /* VECA V Logo.png in Resources */,
				D62E73A7198F6A6400DB3441 /* VECA Logo Black.png in Resources */,
				D6AA5B951992E126007FE5A8 /* Job.plist in Resources */,
				D62E739E198F603E00DB3441 /* BG Blur 8.png in Resources */,
				D6AA5B9019905087007FE5A8 /* iOS Simulator Screen shot Aug 4, 2014, 4.32.17 PM.png in Resources */,
				D62E739F198F603E00DB3441 /* BG Blur 5.png in Resources */,
				D62E73A5198F698400DB3441 /* VECA V Black.png in Resources */,
				D62E73A1198F603E00DB3441 /* BG Blur 6.png in Resources */,
				D61AB7CB197ED3F6003AD671 /* logo.png in Resources */,
				D62E73A0198F603E00DB3441 /* BG Blur 7.png in Resources */,
				D689E38119799DED003050F5 /* Images.xcassets in Resources */,
				69DFDE7C19F8381F00EAFD8B /* VECA V Logo Black - 150.png in Resources */,
				D689E37919799DED003050F5 /* Main_iPhone.storyboard in Resources */,
				D689E37019799DED003050F5 /* InfoPlist.strings in Resources */,
				69B447B619F811A4002E5C45 /* hazardImageViewBG.png in Resources */,
			);
			runOnlyForDeploymentPostprocessing = 0;
		};
		D689E38419799DED003050F5 /* Resources */ = {
			isa = PBXResourcesBuildPhase;
			buildActionMask = 2147483647;
			files = (
				D689E39219799DED003050F5 /* InfoPlist.strings in Resources */,
			);
			runOnlyForDeploymentPostprocessing = 0;
		};
/* End PBXResourcesBuildPhase section */

/* Begin PBXSourcesBuildPhase section */
		D689E35E19799DED003050F5 /* Sources */ = {
			isa = PBXSourcesBuildPhase;
			buildActionMask = 2147483647;
			files = (
				D6F2D3D8198078C50056FDAA /* TaskViewController.m in Sources */,
				D61AB7E4197ED74A003AD671 /* SignOutViewController.m in Sources */,
				D61AB7DA197ED69F003AD671 /* SignInViewController.m in Sources */,
				D6C79A4619DF253600E04E4A /* SignatureView.m in Sources */,
				D689E37F19799DED003050F5 /* JobsViewController.m in Sources */,
				D61AB7E1197ED6F9003AD671 /* MidTaskViewController.m in Sources */,
				D6F2D3BF197F1B9F0056FDAA /* AddJobViewController.m in Sources */,
				D6F2D3C6197F384D0056FDAA /* ISCoreDataController.m in Sources */,
				D65B5B3F19D4B8CE00FD9021 /* SWUtilityButtonTapGestureRecognizer.m in Sources */,
				D689E37619799DED003050F5 /* AppDelegate.m in Sources */,
				D61AB7DD197ED6D2003AD671 /* AddPersonViewController.m in Sources */,
				D6F816AD19D9C407004E630B /* PersonTableViewCell.m in Sources */,
				69C2E1EE19F1B61A0039B6B6 /* HazardToBeCheckedTableViewCell.m in Sources */,
				69A5969E19F19A3000B9BAE6 /* HazardsViewController.m in Sources */,
				D6C79A4219DF18E300E04E4A /* PersonCheckOutViewController.m in Sources */,
				D6F816B019DA0BD9004E630B /* DataModel.m in Sources */,
				D626BAD619DCBA0900209DC5 /* HazardTableViewCell.m in Sources */,
				D65B5B3D19D4B8CE00FD9021 /* SWLongPressGestureRecognizer.m in Sources */,
				D65B5B3C19D4B8CE00FD9021 /* SWCellScrollView.m in Sources */,
				D6F2D3C919805A2E0056FDAA /* Person.m in Sources */,
				D6F2D3CF19805A530056FDAA /* Task.m in Sources */,
				D689E37219799DED003050F5 /* main.m in Sources */,
				691681D619F1AFC50032EBC8 /* AddHazardViewController.m in Sources */,
				D65B5B3E19D4B8CE00FD9021 /* SWTableViewCell.m in Sources */,
				D65B5B4319D4BD7E00FD9021 /* JobTableViewCell.m in Sources */,
				D623489919DB5E7B00E61655 /* AddTaskViewController.m in Sources */,
				D6F2D3D219805A6A0056FDAA /* Hazard.m in Sources */,
				D65B5B4019D4B8CE00FD9021 /* SWUtilityButtonView.m in Sources */,
				D65B5B3B19D4B8CE00FD9021 /* NSMutableArray+SWUtilityButtons.m in Sources */,
				D61AB7CE197ED57C003AD671 /* HomeViewController.m in Sources */,
				D6F2D3CC19805A440056FDAA /* Job.m in Sources */,
				69C2E1F119F1B6BD0039B6B6 /* SolutionToBeCheckedTableViewCell.m in Sources */,
			);
			runOnlyForDeploymentPostprocessing = 0;
		};
		D689E38219799DED003050F5 /* Sources */ = {
			isa = PBXSourcesBuildPhase;
			buildActionMask = 2147483647;
			files = (
				D689E39419799DED003050F5 /* VECA_ZeroTests.m in Sources */,
			);
			runOnlyForDeploymentPostprocessing = 0;
		};
/* End PBXSourcesBuildPhase section */

/* Begin PBXTargetDependency section */
		D689E38C19799DED003050F5 /* PBXTargetDependency */ = {
			isa = PBXTargetDependency;
			target = D689E36119799DED003050F5 /* VECA Zero */;
			targetProxy = D689E38B19799DED003050F5 /* PBXContainerItemProxy */;
		};
/* End PBXTargetDependency section */

/* Begin PBXVariantGroup section */
		D689E36E19799DED003050F5 /* InfoPlist.strings */ = {
			isa = PBXVariantGroup;
			children = (
				D689E36F19799DED003050F5 /* en */,
			);
			name = InfoPlist.strings;
			sourceTree = "<group>";
		};
		D689E37719799DED003050F5 /* Main_iPhone.storyboard */ = {
			isa = PBXVariantGroup;
			children = (
				D689E37819799DED003050F5 /* Base */,
			);
			name = Main_iPhone.storyboard;
			sourceTree = "<group>";
		};
		D689E39019799DED003050F5 /* InfoPlist.strings */ = {
			isa = PBXVariantGroup;
			children = (
				D689E39119799DED003050F5 /* en */,
			);
			name = InfoPlist.strings;
			sourceTree = "<group>";
		};
/* End PBXVariantGroup section */

/* Begin XCBuildConfiguration section */
		D689E39519799DED003050F5 /* Debug */ = {
			isa = XCBuildConfiguration;
			buildSettings = {
				ALWAYS_SEARCH_USER_PATHS = NO;
				CLANG_CXX_LANGUAGE_STANDARD = "gnu++0x";
				CLANG_CXX_LIBRARY = "libc++";
				CLANG_ENABLE_MODULES = YES;
				CLANG_ENABLE_OBJC_ARC = YES;
				CLANG_WARN_BOOL_CONVERSION = YES;
				CLANG_WARN_CONSTANT_CONVERSION = YES;
				CLANG_WARN_DIRECT_OBJC_ISA_USAGE = YES_ERROR;
				CLANG_WARN_EMPTY_BODY = YES;
				CLANG_WARN_ENUM_CONVERSION = YES;
				CLANG_WARN_INT_CONVERSION = YES;
				CLANG_WARN_OBJC_ROOT_CLASS = YES_ERROR;
				CLANG_WARN__DUPLICATE_METHOD_MATCH = YES;
				"CODE_SIGN_IDENTITY[sdk=iphoneos*]" = "iPhone Developer";
				COPY_PHASE_STRIP = NO;
				GCC_C_LANGUAGE_STANDARD = gnu99;
				GCC_DYNAMIC_NO_PIC = NO;
				GCC_OPTIMIZATION_LEVEL = 0;
				GCC_PREPROCESSOR_DEFINITIONS = (
					"DEBUG=1",
					"$(inherited)",
				);
				GCC_SYMBOLS_PRIVATE_EXTERN = NO;
				GCC_WARN_64_TO_32_BIT_CONVERSION = YES;
				GCC_WARN_ABOUT_RETURN_TYPE = YES_ERROR;
				GCC_WARN_UNDECLARED_SELECTOR = YES;
				GCC_WARN_UNINITIALIZED_AUTOS = YES_AGGRESSIVE;
				GCC_WARN_UNUSED_FUNCTION = YES;
				GCC_WARN_UNUSED_VARIABLE = YES;
				IPHONEOS_DEPLOYMENT_TARGET = 7.0;
				ONLY_ACTIVE_ARCH = YES;
				SDKROOT = iphoneos;
				TARGETED_DEVICE_FAMILY = "1,2";
			};
			name = Debug;
		};
		D689E39619799DED003050F5 /* Release */ = {
			isa = XCBuildConfiguration;
			buildSettings = {
				ALWAYS_SEARCH_USER_PATHS = NO;
				CLANG_CXX_LANGUAGE_STANDARD = "gnu++0x";
				CLANG_CXX_LIBRARY = "libc++";
				CLANG_ENABLE_MODULES = YES;
				CLANG_ENABLE_OBJC_ARC = YES;
				CLANG_WARN_BOOL_CONVERSION = YES;
				CLANG_WARN_CONSTANT_CONVERSION = YES;
				CLANG_WARN_DIRECT_OBJC_ISA_USAGE = YES_ERROR;
				CLANG_WARN_EMPTY_BODY = YES;
				CLANG_WARN_ENUM_CONVERSION = YES;
				CLANG_WARN_INT_CONVERSION = YES;
				CLANG_WARN_OBJC_ROOT_CLASS = YES_ERROR;
				CLANG_WARN__DUPLICATE_METHOD_MATCH = YES;
				"CODE_SIGN_IDENTITY[sdk=iphoneos*]" = "iPhone Developer";
				COPY_PHASE_STRIP = YES;
				ENABLE_NS_ASSERTIONS = NO;
				GCC_C_LANGUAGE_STANDARD = gnu99;
				GCC_WARN_64_TO_32_BIT_CONVERSION = YES;
				GCC_WARN_ABOUT_RETURN_TYPE = YES_ERROR;
				GCC_WARN_UNDECLARED_SELECTOR = YES;
				GCC_WARN_UNINITIALIZED_AUTOS = YES_AGGRESSIVE;
				GCC_WARN_UNUSED_FUNCTION = YES;
				GCC_WARN_UNUSED_VARIABLE = YES;
				IPHONEOS_DEPLOYMENT_TARGET = 7.0;
				SDKROOT = iphoneos;
				TARGETED_DEVICE_FAMILY = "1,2";
				VALIDATE_PRODUCT = YES;
			};
			name = Release;
		};
		D689E39819799DED003050F5 /* Debug */ = {
			isa = XCBuildConfiguration;
			buildSettings = {
				ASSETCATALOG_COMPILER_APPICON_NAME = AppIcon;
				ASSETCATALOG_COMPILER_LAUNCHIMAGE_NAME = LaunchImage;
				CLANG_ENABLE_MODULES = YES;
				CODE_SIGN_IDENTITY = "iPhone Developer";
				"CODE_SIGN_IDENTITY[sdk=iphoneos*]" = "iPhone Developer";
				GCC_PRECOMPILE_PREFIX_HEADER = YES;
				GCC_PREFIX_HEADER = "VECA Zero/VECA Zero-Prefix.pch";
				INFOPLIST_FILE = "VECA Zero/VECA Zero-Info.plist";
				IPHONEOS_DEPLOYMENT_TARGET = 8.0;
				LD_RUNPATH_SEARCH_PATHS = "$(inherited) @executable_path/Frameworks";
				PRODUCT_NAME = "$(TARGET_NAME)";
				PROVISIONING_PROFILE = "";
				SWIFT_OBJC_BRIDGING_HEADER = "VECA Zero/VECA Zero-Bridging-Header.h";
				SWIFT_OPTIMIZATION_LEVEL = "-Onone";
				TARGETED_DEVICE_FAMILY = "1,2";
				WRAPPER_EXTENSION = app;
			};
			name = Debug;
		};
		D689E39919799DED003050F5 /* Release */ = {
			isa = XCBuildConfiguration;
			buildSettings = {
				ASSETCATALOG_COMPILER_APPICON_NAME = AppIcon;
				ASSETCATALOG_COMPILER_LAUNCHIMAGE_NAME = LaunchImage;
				CLANG_ENABLE_MODULES = YES;
				CODE_SIGN_IDENTITY = "iPhone Developer";
				"CODE_SIGN_IDENTITY[sdk=iphoneos*]" = "iPhone Developer";
				GCC_PRECOMPILE_PREFIX_HEADER = YES;
				GCC_PREFIX_HEADER = "VECA Zero/VECA Zero-Prefix.pch";
				INFOPLIST_FILE = "VECA Zero/VECA Zero-Info.plist";
				IPHONEOS_DEPLOYMENT_TARGET = 8.0;
				LD_RUNPATH_SEARCH_PATHS = "$(inherited) @executable_path/Frameworks";
				PRODUCT_NAME = "$(TARGET_NAME)";
				PROVISIONING_PROFILE = "";
				SWIFT_OBJC_BRIDGING_HEADER = "VECA Zero/VECA Zero-Bridging-Header.h";
				TARGETED_DEVICE_FAMILY = "1,2";
				WRAPPER_EXTENSION = app;
			};
			name = Release;
		};
		D689E39B19799DED003050F5 /* Debug */ = {
			isa = XCBuildConfiguration;
			buildSettings = {
				BUNDLE_LOADER = "$(BUILT_PRODUCTS_DIR)/VECA Zero.app/VECA Zero";
				FRAMEWORK_SEARCH_PATHS = (
					"$(SDKROOT)/Developer/Library/Frameworks",
					"$(inherited)",
					"$(DEVELOPER_FRAMEWORKS_DIR)",
				);
				GCC_PRECOMPILE_PREFIX_HEADER = YES;
				GCC_PREFIX_HEADER = "VECA Zero/VECA Zero-Prefix.pch";
				GCC_PREPROCESSOR_DEFINITIONS = (
					"DEBUG=1",
					"$(inherited)",
				);
				INFOPLIST_FILE = "VECA ZeroTests/VECA ZeroTests-Info.plist";
				PRODUCT_NAME = "$(TARGET_NAME)";
				TEST_HOST = "$(BUNDLE_LOADER)";
				WRAPPER_EXTENSION = xctest;
			};
			name = Debug;
		};
		D689E39C19799DED003050F5 /* Release */ = {
			isa = XCBuildConfiguration;
			buildSettings = {
				BUNDLE_LOADER = "$(BUILT_PRODUCTS_DIR)/VECA Zero.app/VECA Zero";
				FRAMEWORK_SEARCH_PATHS = (
					"$(SDKROOT)/Developer/Library/Frameworks",
					"$(inherited)",
					"$(DEVELOPER_FRAMEWORKS_DIR)",
				);
				GCC_PRECOMPILE_PREFIX_HEADER = YES;
				GCC_PREFIX_HEADER = "VECA Zero/VECA Zero-Prefix.pch";
				INFOPLIST_FILE = "VECA ZeroTests/VECA ZeroTests-Info.plist";
				PRODUCT_NAME = "$(TARGET_NAME)";
				TEST_HOST = "$(BUNDLE_LOADER)";
				WRAPPER_EXTENSION = xctest;
			};
			name = Release;
		};
/* End XCBuildConfiguration section */

/* Begin XCConfigurationList section */
		D689E35D19799DED003050F5 /* Build configuration list for PBXProject "VECA Zero" */ = {
			isa = XCConfigurationList;
			buildConfigurations = (
				D689E39519799DED003050F5 /* Debug */,
				D689E39619799DED003050F5 /* Release */,
			);
			defaultConfigurationIsVisible = 0;
			defaultConfigurationName = Release;
		};
		D689E39719799DED003050F5 /* Build configuration list for PBXNativeTarget "VECA Zero" */ = {
			isa = XCConfigurationList;
			buildConfigurations = (
				D689E39819799DED003050F5 /* Debug */,
				D689E39919799DED003050F5 /* Release */,
			);
			defaultConfigurationIsVisible = 0;
			defaultConfigurationName = Release;
		};
		D689E39A19799DED003050F5 /* Build configuration list for PBXNativeTarget "VECA ZeroTests" */ = {
			isa = XCConfigurationList;
			buildConfigurations = (
				D689E39B19799DED003050F5 /* Debug */,
				D689E39C19799DED003050F5 /* Release */,
			);
			defaultConfigurationIsVisible = 0;
			defaultConfigurationName = Release;
		};
/* End XCConfigurationList section */
	};
	rootObject = D689E35A19799DED003050F5 /* Project object */;
}
